<?xml version="1.0" encoding="utf-8"?>
<Project ToolsVersion="4.0" xmlns="http://schemas.microsoft.com/developer/msbuild/2003">
  <ItemGroup>
    <Filter Include="Source Files">
      <UniqueIdentifier>{4FC737F1-C7A5-4376-A066-2A32D752A2FF}</UniqueIdentifier>
      <Extensions>cpp;c;cc;cxx;c++;cppm;ixx;def;odl;idl;hpj;bat;asm;asmx</Extensions>
    </Filter>
    <Filter Include="Header Files">
      <UniqueIdentifier>{93995380-89BD-4b04-88EB-625FBE52EBFB}</UniqueIdentifier>
      <Extensions>h;hh;hpp;hxx;h++;hm;inl;inc;ipp;xsd</Extensions>
    </Filter>
    <Filter Include="Resource Files">
      <UniqueIdentifier>{67DA6AB6-F800-4c08-8B7A-83BB121AAD01}</UniqueIdentifier>
      <Extensions>rc;ico;cur;bmp;dlg;rc2;rct;bin;rgs;gif;jpg;jpeg;jpe;resx;tiff;tif;png;wav;mfcribbon-ms</Extensions>
    </Filter>
  </ItemGroup>
  <ItemGroup>
    <ClCompile Include="src\RangesTests.cpp">
      <Filter>Source Files</Filter>
    </ClCompile>
    <ClCompile Include="src\RangesPCH.cpp">
      <Filter>Source Files</Filter>
    </ClCompile>
    <ClCompile Include="src\RangesPythonStyle.cpp">
      <Filter>Source Files</Filter>
    </ClCompile>
    <ClCompile Include="src\ConstEvalConstInit\staticOrderFiasco.cpp">
      <Filter>Source Files</Filter>
    </ClCompile>
    <ClCompile Include="src\ConstEvalConstInit\StaticInitOrderFiasco.cpp">
      <Filter>Source Files</Filter>
    </ClCompile>
    <ClCompile Include="src\LambdaImprovementC20\LambdasUnEvaluatedContextTest.hpp">
      <Filter>Source Files</Filter>
    </ClCompile>
  </ItemGroup>
  <ItemGroup>
    <ClInclude Include="src\RangesPCH.hpp">
      <Filter>Header Files</Filter>
    </ClInclude>
    <ClInclude Include="src\RangesExamples01.hpp">
      <Filter>Header Files</Filter>
    </ClInclude>
    <ClInclude Include="src\RangesContainerView.hpp">
      <Filter>Header Files</Filter>
    </ClInclude>
    <ClInclude Include="src\RangesFilterPythonStyle.hpp">
      <Filter>Header Files</Filter>
    </ClInclude>
    <ClInclude Include="src\STLSpan\SpanStaticDynamic.hpp">
      <Filter>Header Files</Filter>
    </ClInclude>
    <ClInclude Include="src\ContainerImprovements\ContImprovements.hpp">
      <Filter>Header Files</Filter>
    </ClInclude>
    <ClInclude Include="src\CompilerModule.hpp">
      <Filter>Header Files</Filter>
    </ClInclude>
    <ClInclude Include="src\ChronoCalendarTimeZones\DatesTimeZoneExamples.hpp">
      <Filter>Header Files</Filter>
    </ClInclude>
    <ClInclude Include="src\FilterViewPerformanceIssue.hpp">
      <Filter>Header Files</Filter>
    </ClInclude>
    <ClInclude Include="src\ChronoCalendarTimeZones\TimeZoneExamples.hpp">
      <Filter>Header Files</Filter>
    </ClInclude>
    <ClInclude Include="src\Formatting\TextFormatExamples.hpp">
      <Filter>Header Files</Filter>
    </ClInclude>
    <ClInclude Include="src\Formatting\StockIndex.hpp">
      <Filter>Header Files</Filter>
    </ClInclude>
    <ClInclude Include="src\Formatting\CustomFormatter.hpp">
      <Filter>Header Files</Filter>
    </ClInclude>
    <ClInclude Include="src\Formatting\CustomFormatVector.hpp">
      <Filter>Header Files</Filter>
    </ClInclude>
    <ClInclude Include="src\Formatting\CustomFormatterV2.hpp">
      <Filter>Header Files</Filter>
    </ClInclude>
    <ClInclude Include="src\Formatting\CustFormatStockIndexV3.hpp">
      <Filter>Header Files</Filter>
    </ClInclude>
    <ClInclude Include="src\Formatting\CustomFormatLogger.hpp">
      <Filter>Header Files</Filter>
    </ClInclude>
    <ClInclude Include="src\Formatting\CompileTimeFormatSpecifier.hpp">
      <Filter>Header Files</Filter>
    </ClInclude>
    <ClInclude Include="src\ThreeWayComparision\ThreeWayCompareTests.hpp">
      <Filter>Header Files</Filter>
    </ClInclude>
    <ClInclude Include="src\ThreeWayComparision\ThreewayComparisionUtils.hpp">
      <Filter>Header Files</Filter>
    </ClInclude>
    <ClInclude Include="src\ThreeWayComparision\ThreewayComparisionUtils2.hpp">
      <Filter>Header Files</Filter>
    </ClInclude>
    <ClInclude Include="src\DesignatedInitialization\AggregateInitiliazation.hpp">
      <Filter>Header Files</Filter>
    </ClInclude>
    <ClInclude Include="src\DesignatedInitialization\DesignatedInitializationTests.hpp">
      <Filter>Header Files</Filter>
    </ClInclude>
    <ClInclude Include="src\ConstEvalConstInit\ConstEvalConstInitTests.hpp">
      <Filter>Header Files</Filter>
    </ClInclude>
    <ClInclude Include="src\ConstEvalConstInit\ConstEvalConsInit.hpp">
      <Filter>Header Files</Filter>
    </ClInclude>
    <ClInclude Include="src\NonTypeTemplateParams\NTTPTests.hpp">
      <Filter>Header Files</Filter>
    </ClInclude>
    <ClInclude Include="src\NonTypeTemplateParams\NonTypeTemplateParams.hpp">
      <Filter>Header Files</Filter>
    </ClInclude>
    <ClInclude Include="src\NonTypeTemplateParams\ConditionalExplicitConstructor.hpp">
      <Filter>Header Files</Filter>
    </ClInclude>
    <ClInclude Include="src\LambdaImprovementC20\LambdaImprovementsTest.hpp">
      <Filter>Header Files</Filter>
    </ClInclude>
    <ClInclude Include="src\LambdaImprovementC20\LambdaImprovements.hpp">
      <Filter>Header Files</Filter>
    </ClInclude>
    <ClInclude Include="src\LambdaImprovementC20\LambdasUnEvaluatedContext.hpp">
      <Filter>Header Files</Filter>
    </ClInclude>
    <ClInclude Include="src\Attributes\AtttributesTests.hpp">
      <Filter>Header Files</Filter>
    </ClInclude>
    <ClInclude Include="src\Attributes\AttributesCpp20.hpp">
      <Filter>Header Files</Filter>
    </ClInclude>
    <ClInclude Include="src\Attributes\VolatileChanges.hpp">
      <Filter>Header Files</Filter>
    </ClInclude>
    <ClInclude Include="src\Attributes\VolatileChangesTests.hpp">
      <Filter>Header Files</Filter>
    </ClInclude>
    <ClInclude Include="src\FurtherImprovemntsCPP20\ImprovementsCPP20.hpp">
      <Filter>Header Files</Filter>
    </ClInclude>
    <ClInclude Include="src\FurtherImprovemntsCPP20\ImprovmntsCPP20Tests.hpp">
      <Filter>Header Files</Filter>
    </ClInclude>
  </ItemGroup>
</Project>