<?xml version="1.0" encoding="utf-8"?>
<Project ToolsVersion="4.0" xmlns="http://schemas.microsoft.com/developer/msbuild/2003">
  <ItemGroup>
    <Filter Include="Source Files">
      <UniqueIdentifier>{4FC737F1-C7A5-4376-A066-2A32D752A2FF}</UniqueIdentifier>
      <Extensions>cpp;c;cc;cxx;c++;cppm;ixx;def;odl;idl;hpj;bat;asm;asmx</Extensions>
    </Filter>
    <Filter Include="Header Files">
      <UniqueIdentifier>{93995380-89BD-4b04-88EB-625FBE52EBFB}</UniqueIdentifier>
      <Extensions>h;hh;hpp;hxx;h++;hm;inl;inc;ipp;xsd</Extensions>
    </Filter>
    <Filter Include="Resource Files">
      <UniqueIdentifier>{67DA6AB6-F800-4c08-8B7A-83BB121AAD01}</UniqueIdentifier>
      <Extensions>rc;ico;cur;bmp;dlg;rc2;rct;bin;rgs;gif;jpg;jpeg;jpe;resx;tiff;tif;png;wav;mfcribbon-ms</Extensions>
    </Filter>
  </ItemGroup>
  <ItemGroup>
    <ClCompile Include="src\STLtest.cpp">
      <Filter>Source Files</Filter>
    </ClCompile>
    <ClCompile Include="src\STLpch.cpp">
      <Filter>Source Files</Filter>
    </ClCompile>
    <ClCompile Include="src\Allocators\StackMemoryPool.cpp">
      <Filter>Source Files</Filter>
    </ClCompile>
    <ClCompile Include="src\modules\TestModule.ixx">
      <Filter>Source Files</Filter>
    </ClCompile>
    <ClCompile Include="src\modules\LLVMModule.cpp">
      <Filter>Source Files</Filter>
    </ClCompile>
    <ClCompile Include="src\modules\LLVMModule2.cppm">
      <Filter>Source Files</Filter>
    </ClCompile>
  </ItemGroup>
  <ItemGroup>
    <ClInclude Include="src\TupplePairUtilities.hpp">
      <Filter>Header Files</Filter>
    </ClInclude>
    <ClInclude Include="src\Person.h">
      <Filter>Header Files</Filter>
    </ClInclude>
    <ClInclude Include="src\STLpch.h">
      <Filter>Header Files</Filter>
    </ClInclude>
    <ClInclude Include="src\MyTypeTraits.hpp">
      <Filter>Header Files</Filter>
    </ClInclude>
    <ClInclude Include="src\ChronoExamples.hpp">
      <Filter>Header Files</Filter>
    </ClInclude>
    <ClInclude Include="src\FunctionObjectsLambdas.h">
      <Filter>Header Files</Filter>
    </ClInclude>
    <ClInclude Include="src\FunctObjLambdaUtils.hpp">
      <Filter>Header Files</Filter>
    </ClInclude>
    <ClInclude Include="src\STLAlgorithmTest.h">
      <Filter>Header Files</Filter>
    </ClInclude>
    <ClInclude Include="src\Allocators\CustomAllocatorTests.hpp">
      <Filter>Header Files</Filter>
    </ClInclude>
    <ClInclude Include="src\Allocators\MyAlloc.hpp">
      <Filter>Header Files</Filter>
    </ClInclude>
    <ClInclude Include="src\Allocators\StackMemoryPool.h">
      <Filter>Header Files</Filter>
    </ClInclude>
    <ClInclude Include="src\Allocators\StackAllocator.hpp">
      <Filter>Header Files</Filter>
    </ClInclude>
    <ClInclude Include="src\Allocators\PmrMemoryResources.h">
      <Filter>Header Files</Filter>
    </ClInclude>
    <ClInclude Include="src\Allocators\tracknew.hpp">
      <Filter>Header Files</Filter>
    </ClInclude>
    <ClInclude Include="src\Allocators\AllocationMetrics.h">
      <Filter>Header Files</Filter>
    </ClInclude>
    <ClInclude Include="src\Allocators\PmrMemoryTracker.hpp">
      <Filter>Header Files</Filter>
    </ClInclude>
    <ClInclude Include="src\Allocators\PmrUseInCustomTypes.hpp">
      <Filter>Header Files</Filter>
    </ClInclude>
    <ClInclude Include="src\cpp17features\Cpp17AddedComponents.h">
      <Filter>Header Files</Filter>
    </ClInclude>
    <ClInclude Include="src\Experimental\AnyInvocableImpl.hpp">
      <Filter>Header Files</Filter>
    </ClInclude>
    <ClInclude Include="src\Experimental\FunctionRefImpt.hpp">
      <Filter>Header Files</Filter>
    </ClInclude>
    <ClInclude Include="src\cpp17features\FileSystemExamples.h">
      <Filter>Header Files</Filter>
    </ClInclude>
    <ClInclude Include="src\Experimental\ExperimentalTests.h">
      <Filter>Header Files</Filter>
    </ClInclude>
    <ClInclude Include="src\Experimental\IntrusiveSharedPtrImpl.hpp">
      <Filter>Header Files</Filter>
    </ClInclude>
    <ClInclude Include="src\cpp17features\VariantExamples.h">
      <Filter>Header Files</Filter>
    </ClInclude>
    <ClInclude Include="src\cpp17features\StateMachineExample.h">
      <Filter>Header Files</Filter>
    </ClInclude>
    <ClInclude Include="src\AttributesCPP20\AttributesCpp20.hpp">
      <Filter>Header Files</Filter>
    </ClInclude>
    <ClInclude Include="src\AttributesCPP20\AtttributesTests.hpp">
      <Filter>Header Files</Filter>
    </ClInclude>
  </ItemGroup>
</Project>